// !$*UTF8*$!
{
	archiveVersion = 1;
	classes = {
	};
	objectVersion = 56;
	objects = {

/* Begin PBXBuildFile section */
		7D8511C02C32E6C700B5A3A0 /* AnimeCharacterApp.swift in Sources */ = {isa = PBXBuildFile; fileRef = 7D8511BF2C32E6C700B5A3A0 /* AnimeCharacterApp.swift */; };
		7D8511C22C32E6C700B5A3A0 /* ContentView.swift in Sources */ = {isa = PBXBuildFile; fileRef = 7D8511C12C32E6C700B5A3A0 /* ContentView.swift */; };
		7D8511C42C32E6C900B5A3A0 /* Assets.xcassets in Resources */ = {isa = PBXBuildFile; fileRef = 7D8511C32C32E6C900B5A3A0 /* Assets.xcassets */; };
		7D8511C72C32E6C900B5A3A0 /* Preview Assets.xcassets in Resources */ = {isa = PBXBuildFile; fileRef = 7D8511C62C32E6C900B5A3A0 /* Preview Assets.xcassets */; };
		7D8511D12C32E90400B5A3A0 /* LoginView.swift in Sources */ = {isa = PBXBuildFile; fileRef = 7D8511D02C32E90400B5A3A0 /* LoginView.swift */; };
		7D8511D42C32E96800B5A3A0 /* Alamofire in Frameworks */ = {isa = PBXBuildFile; productRef = 7D8511D32C32E96800B5A3A0 /* Alamofire */; };
		7D8511D62C32E96800B5A3A0 /* AlamofireDynamic in Frameworks */ = {isa = PBXBuildFile; productRef = 7D8511D52C32E96800B5A3A0 /* AlamofireDynamic */; };
		7D8511D82C32E99D00B5A3A0 /* NetworkManager.swift in Sources */ = {isa = PBXBuildFile; fileRef = 7D8511D72C32E99D00B5A3A0 /* NetworkManager.swift */; };
		7D8511DA2C32E9BB00B5A3A0 /* CharacterListViewModel.swift in Sources */ = {isa = PBXBuildFile; fileRef = 7D8511D92C32E9BB00B5A3A0 /* CharacterListViewModel.swift */; };
		7D8511DD2C32EA2300B5A3A0 /* CharacterResponse.swift in Sources */ = {isa = PBXBuildFile; fileRef = 7D8511DC2C32EA2300B5A3A0 /* CharacterResponse.swift */; };
		7D8511E02C32F32700B5A3A0 /* SDWebImageSwiftUI in Frameworks */ = {isa = PBXBuildFile; productRef = 7D8511DF2C32F32700B5A3A0 /* SDWebImageSwiftUI */; };
		7D8511E22C32F9F600B5A3A0 /* CharacterListView.swift in Sources */ = {isa = PBXBuildFile; fileRef = 7D8511E12C32F9F600B5A3A0 /* CharacterListView.swift */; };
		7D8511E42C32FA1800B5A3A0 /* CharacterCell.swift in Sources */ = {isa = PBXBuildFile; fileRef = 7D8511E32C32FA1800B5A3A0 /* CharacterCell.swift */; };
		7D8511E62C32FA4B00B5A3A0 /* CharacterDetailsView.swift in Sources */ = {isa = PBXBuildFile; fileRef = 7D8511E52C32FA4B00B5A3A0 /* CharacterDetailsView.swift */; };
		7D8511E82C33194600B5A3A0 /* ApiEndPoint.swift in Sources */ = {isa = PBXBuildFile; fileRef = 7D8511E72C33194600B5A3A0 /* ApiEndPoint.swift */; };
/* End PBXBuildFile section */

/* Begin PBXFileReference section */
		7D8511BC2C32E6C700B5A3A0 /* AnimeCharacter.app */ = {isa = PBXFileReference; explicitFileType = wrapper.application; includeInIndex = 0; path = AnimeCharacter.app; sourceTree = BUILT_PRODUCTS_DIR; };
		7D8511BF2C32E6C700B5A3A0 /* AnimeCharacterApp.swift */ = {isa = PBXFileReference; lastKnownFileType = sourcecode.swift; path = AnimeCharacterApp.swift; sourceTree = "<group>"; };
		7D8511C12C32E6C700B5A3A0 /* ContentView.swift */ = {isa = PBXFileReference; lastKnownFileType = sourcecode.swift; path = ContentView.swift; sourceTree = "<group>"; };
		7D8511C32C32E6C900B5A3A0 /* Assets.xcassets */ = {isa = PBXFileReference; lastKnownFileType = folder.assetcatalog; path = Assets.xcassets; sourceTree = "<group>"; };
		7D8511C62C32E6C900B5A3A0 /* Preview Assets.xcassets */ = {isa = PBXFileReference; lastKnownFileType = folder.assetcatalog; path = "Preview Assets.xcassets"; sourceTree = "<group>"; };
		7D8511D02C32E90400B5A3A0 /* LoginView.swift */ = {isa = PBXFileReference; lastKnownFileType = sourcecode.swift; path = LoginView.swift; sourceTree = "<group>"; };
		7D8511D72C32E99D00B5A3A0 /* NetworkManager.swift */ = {isa = PBXFileReference; lastKnownFileType = sourcecode.swift; path = NetworkManager.swift; sourceTree = "<group>"; };
		7D8511D92C32E9BB00B5A3A0 /* CharacterListViewModel.swift */ = {isa = PBXFileReference; lastKnownFileType = sourcecode.swift; path = CharacterListViewModel.swift; sourceTree = "<group>"; };
		7D8511DC2C32EA2300B5A3A0 /* CharacterResponse.swift */ = {isa = PBXFileReference; lastKnownFileType = sourcecode.swift; path = CharacterResponse.swift; sourceTree = "<group>"; };
		7D8511E12C32F9F600B5A3A0 /* CharacterListView.swift */ = {isa = PBXFileReference; lastKnownFileType = sourcecode.swift; path = CharacterListView.swift; sourceTree = "<group>"; };
		7D8511E32C32FA1800B5A3A0 /* CharacterCell.swift */ = {isa = PBXFileReference; lastKnownFileType = sourcecode.swift; path = CharacterCell.swift; sourceTree = "<group>"; };
		7D8511E52C32FA4B00B5A3A0 /* CharacterDetailsView.swift */ = {isa = PBXFileReference; lastKnownFileType = sourcecode.swift; path = CharacterDetailsView.swift; sourceTree = "<group>"; };
		7D8511E72C33194600B5A3A0 /* ApiEndPoint.swift */ = {isa = PBXFileReference; lastKnownFileType = sourcecode.swift; path = ApiEndPoint.swift; sourceTree = "<group>"; };
/* End PBXFileReference section */

/* Begin PBXFrameworksBuildPhase section */
		7D8511B92C32E6C700B5A3A0 /* Frameworks */ = {
			isa = PBXFrameworksBuildPhase;
			buildActionMask = 2147483647;
			files = (
				7D8511E02C32F32700B5A3A0 /* SDWebImageSwiftUI in Frameworks */,
				7D8511D42C32E96800B5A3A0 /* Alamofire in Frameworks */,
				7D8511D62C32E96800B5A3A0 /* AlamofireDynamic in Frameworks */,
			);
			runOnlyForDeploymentPostprocessing = 0;
		};
/* End PBXFrameworksBuildPhase section */

/* Begin PBXGroup section */
		7D8511B32C32E6C700B5A3A0 = {
			isa = PBXGroup;
			children = (
				7D8511BE2C32E6C700B5A3A0 /* AnimeCharacter */,
				7D8511BD2C32E6C700B5A3A0 /* Products */,
			);
			sourceTree = "<group>";
		};
		7D8511BD2C32E6C700B5A3A0 /* Products */ = {
			isa = PBXGroup;
			children = (
				7D8511BC2C32E6C700B5A3A0 /* AnimeCharacter.app */,
			);
			name = Products;
			sourceTree = "<group>";
		};
		7D8511BE2C32E6C700B5A3A0 /* AnimeCharacter */ = {
			isa = PBXGroup;
			children = (
				7D8511BF2C32E6C700B5A3A0 /* AnimeCharacterApp.swift */,
				7D8511C12C32E6C700B5A3A0 /* ContentView.swift */,
				7D8511CD2C32E78C00B5A3A0 /* View */,
				7D8511CE2C32E79600B5A3A0 /* ViewModel */,
				7D8511DB2C32EA0800B5A3A0 /* DataModel */,
				7D8511CF2C32E7B400B5A3A0 /* NetworkManager */,
				7D8511C32C32E6C900B5A3A0 /* Assets.xcassets */,
				7D8511C52C32E6C900B5A3A0 /* Preview Content */,
			);
			path = AnimeCharacter;
			sourceTree = "<group>";
		};
		7D8511C52C32E6C900B5A3A0 /* Preview Content */ = {
			isa = PBXGroup;
			children = (
				7D8511C62C32E6C900B5A3A0 /* Preview Assets.xcassets */,
			);
			path = "Preview Content";
			sourceTree = "<group>";
		};
		7D8511CD2C32E78C00B5A3A0 /* View */ = {
			isa = PBXGroup;
			children = (
				7D8511D02C32E90400B5A3A0 /* LoginView.swift */,
				7D8511E12C32F9F600B5A3A0 /* CharacterListView.swift */,
				7D8511E32C32FA1800B5A3A0 /* CharacterCell.swift */,
				7D8511E52C32FA4B00B5A3A0 /* CharacterDetailsView.swift */,
			);
			path = View;
			sourceTree = "<group>";
		};
		7D8511CE2C32E79600B5A3A0 /* ViewModel */ = {
			isa = PBXGroup;
			children = (
				7D8511D92C32E9BB00B5A3A0 /* CharacterListViewModel.swift */,
			);
			path = ViewModel;
			sourceTree = "<group>";
		};
		7D8511CF2C32E7B400B5A3A0 /* NetworkManager */ = {
			isa = PBXGroup;
			children = (
				7D8511D72C32E99D00B5A3A0 /* NetworkManager.swift */,
				7D8511E72C33194600B5A3A0 /* ApiEndPoint.swift */,
			);
			path = NetworkManager;
			sourceTree = "<group>";
		};
		7D8511DB2C32EA0800B5A3A0 /* DataModel */ = {
			isa = PBXGroup;
			children = (
				7D8511DC2C32EA2300B5A3A0 /* CharacterResponse.swift */,
			);
			path = DataModel;
			sourceTree = "<group>";
		};
/* End PBXGroup section */

/* Begin PBXNativeTarget section */
		7D8511BB2C32E6C700B5A3A0 /* AnimeCharacter */ = {
			isa = PBXNativeTarget;
			buildConfigurationList = 7D8511CA2C32E6C900B5A3A0 /* Build configuration list for PBXNativeTarget "AnimeCharacter" */;
			buildPhases = (
				7D8511B82C32E6C700B5A3A0 /* Sources */,
				7D8511B92C32E6C700B5A3A0 /* Frameworks */,
				7D8511BA2C32E6C700B5A3A0 /* Resources */,
			);
			buildRules = (
			);
			dependencies = (
			);
			name = AnimeCharacter;
			packageProductDependencies = (
				7D8511D32C32E96800B5A3A0 /* Alamofire */,
				7D8511D52C32E96800B5A3A0 /* AlamofireDynamic */,
				7D8511DF2C32F32700B5A3A0 /* SDWebImageSwiftUI */,
			);
			productName = AnimeCharacter;
			productReference = 7D8511BC2C32E6C700B5A3A0 /* AnimeCharacter.app */;
			productType = "com.apple.product-type.application";
		};
/* End PBXNativeTarget section */

/* Begin PBXProject section */
		7D8511B42C32E6C700B5A3A0 /* Project object */ = {
			isa = PBXProject;
			attributes = {
				BuildIndependentTargetsInParallel = 1;
				LastSwiftUpdateCheck = 1520;
				LastUpgradeCheck = 1520;
				TargetAttributes = {
					7D8511BB2C32E6C700B5A3A0 = {
						CreatedOnToolsVersion = 15.2;
					};
				};
			};
			buildConfigurationList = 7D8511B72C32E6C700B5A3A0 /* Build configuration list for PBXProject "AnimeCharacter" */;
			compatibilityVersion = "Xcode 14.0";
			developmentRegion = en;
			hasScannedForEncodings = 0;
			knownRegions = (
				en,
				Base,
			);
			mainGroup = 7D8511B32C32E6C700B5A3A0;
			packageReferences = (
				7D8511D22C32E96800B5A3A0 /* XCRemoteSwiftPackageReference "Alamofire" */,
				7D8511DE2C32F32700B5A3A0 /* XCRemoteSwiftPackageReference "SDWebImageSwiftUI" */,
			);
			productRefGroup = 7D8511BD2C32E6C700B5A3A0 /* Products */;
			projectDirPath = "";
			projectRoot = "";
			targets = (
				7D8511BB2C32E6C700B5A3A0 /* AnimeCharacter */,
			);
		};
/* End PBXProject section */

/* Begin PBXResourcesBuildPhase section */
		7D8511BA2C32E6C700B5A3A0 /* Resources */ = {
			isa = PBXResourcesBuildPhase;
			buildActionMask = 2147483647;
			files = (
				7D8511C72C32E6C900B5A3A0 /* Preview Assets.xcassets in Resources */,
				7D8511C42C32E6C900B5A3A0 /* Assets.xcassets in Resources */,
			);
			runOnlyForDeploymentPostprocessing = 0;
		};
/* End PBXResourcesBuildPhase section */

/* Begin PBXSourcesBuildPhase section */
		7D8511B82C32E6C700B5A3A0 /* Sources */ = {
			isa = PBXSourcesBuildPhase;
			buildActionMask = 2147483647;
			files = (
				7D8511D82C32E99D00B5A3A0 /* NetworkManager.swift in Sources */,
				7D8511D12C32E90400B5A3A0 /* LoginView.swift in Sources */,
				7D8511E22C32F9F600B5A3A0 /* CharacterListView.swift in Sources */,
				7D8511E42C32FA1800B5A3A0 /* CharacterCell.swift in Sources */,
				7D8511DD2C32EA2300B5A3A0 /* CharacterResponse.swift in Sources */,
				7D8511E82C33194600B5A3A0 /* ApiEndPoint.swift in Sources */,
				7D8511C22C32E6C700B5A3A0 /* ContentView.swift in Sources */,
				7D8511DA2C32E9BB00B5A3A0 /* CharacterListViewModel.swift in Sources */,
				7D8511C02C32E6C700B5A3A0 /* AnimeCharacterApp.swift in Sources */,
				7D8511E62C32FA4B00B5A3A0 /* CharacterDetailsView.swift in Sources */,
			);
			runOnlyForDeploymentPostprocessing = 0;
		};
/* End PBXSourcesBuildPhase section */

/* Begin XCBuildConfiguration section */
		7D8511C82C32E6C900B5A3A0 /* Debug */ = {
			isa = XCBuildConfiguration;
			buildSettings = {
				ALWAYS_SEARCH_USER_PATHS = NO;
				ASSETCATALOG_COMPILER_GENERATE_SWIFT_ASSET_SYMBOL_EXTENSIONS = YES;
				CLANG_ANALYZER_NONNULL = YES;
				CLANG_ANALYZER_NUMBER_OBJECT_CONVERSION = YES_AGGRESSIVE;
				CLANG_CXX_LANGUAGE_STANDARD = "gnu++20";
				CLANG_ENABLE_MODULES = YES;
				CLANG_ENABLE_OBJC_ARC = YES;
				CLANG_ENABLE_OBJC_WEAK = YES;
				CLANG_WARN_BLOCK_CAPTURE_AUTORELEASING = YES;
				CLANG_WARN_BOOL_CONVERSION = YES;
				CLANG_WARN_COMMA = YES;
				CLANG_WARN_CONSTANT_CONVERSION = YES;
				CLANG_WARN_DEPRECATED_OBJC_IMPLEMENTATIONS = YES;
				CLANG_WARN_DIRECT_OBJC_ISA_USAGE = YES_ERROR;
				CLANG_WARN_DOCUMENTATION_COMMENTS = YES;
				CLANG_WARN_EMPTY_BODY = YES;
				CLANG_WARN_ENUM_CONVERSION = YES;
				CLANG_WARN_INFINITE_RECURSION = YES;
				CLANG_WARN_INT_CONVERSION = YES;
				CLANG_WARN_NON_LITERAL_NULL_CONVERSION = YES;
				CLANG_WARN_OBJC_IMPLICIT_RETAIN_SELF = YES;
				CLANG_WARN_OBJC_LITERAL_CONVERSION = YES;
				CLANG_WARN_OBJC_ROOT_CLASS = YES_ERROR;
				CLANG_WARN_QUOTED_INCLUDE_IN_FRAMEWORK_HEADER = YES;
				CLANG_WARN_RANGE_LOOP_ANALYSIS = YES;
				CLANG_WARN_STRICT_PROTOTYPES = YES;
				CLANG_WARN_SUSPICIOUS_MOVE = YES;
				CLANG_WARN_UNGUARDED_AVAILABILITY = YES_AGGRESSIVE;
				CLANG_WARN_UNREACHABLE_CODE = YES;
				CLANG_WARN__DUPLICATE_METHOD_MATCH = YES;
				COPY_PHASE_STRIP = NO;
				DEBUG_INFORMATION_FORMAT = dwarf;
				ENABLE_STRICT_OBJC_MSGSEND = YES;
				ENABLE_TESTABILITY = YES;
				ENABLE_USER_SCRIPT_SANDBOXING = YES;
				GCC_C_LANGUAGE_STANDARD = gnu17;
				GCC_DYNAMIC_NO_PIC = NO;
				GCC_NO_COMMON_BLOCKS = YES;
				GCC_OPTIMIZATION_LEVEL = 0;
				GCC_PREPROCESSOR_DEFINITIONS = (
					"DEBUG=1",
					"$(inherited)",
				);
				GCC_WARN_64_TO_32_BIT_CONVERSION = YES;
				GCC_WARN_ABOUT_RETURN_TYPE = YES_ERROR;
				GCC_WARN_UNDECLARED_SELECTOR = YES;
				GCC_WARN_UNINITIALIZED_AUTOS = YES_AGGRESSIVE;
				GCC_WARN_UNUSED_FUNCTION = YES;
				GCC_WARN_UNUSED_VARIABLE = YES;
				IPHONEOS_DEPLOYMENT_TARGET = 17.2;
				LOCALIZATION_PREFERS_STRING_CATALOGS = YES;
				MTL_ENABLE_DEBUG_INFO = INCLUDE_SOURCE;
				MTL_FAST_MATH = YES;
				ONLY_ACTIVE_ARCH = YES;
				SDKROOT = iphoneos;
				SWIFT_ACTIVE_COMPILATION_CONDITIONS = "DEBUG $(inherited)";
				SWIFT_OPTIMIZATION_LEVEL = "-Onone";
			};
			name = Debug;
		};
		7D8511C92C32E6C900B5A3A0 /* Release */ = {
			isa = XCBuildConfiguration;
			buildSettings = {
				ALWAYS_SEARCH_USER_PATHS = NO;
				ASSETCATALOG_COMPILER_GENERATE_SWIFT_ASSET_SYMBOL_EXTENSIONS = YES;
				CLANG_ANALYZER_NONNULL = YES;
				CLANG_ANALYZER_NUMBER_OBJECT_CONVERSION = YES_AGGRESSIVE;
				CLANG_CXX_LANGUAGE_STANDARD = "gnu++20";
				CLANG_ENABLE_MODULES = YES;
				CLANG_ENABLE_OBJC_ARC = YES;
				CLANG_ENABLE_OBJC_WEAK = YES;
				CLANG_WARN_BLOCK_CAPTURE_AUTORELEASING = YES;
				CLANG_WARN_BOOL_CONVERSION = YES;
				CLANG_WARN_COMMA = YES;
				CLANG_WARN_CONSTANT_CONVERSION = YES;
				CLANG_WARN_DEPRECATED_OBJC_IMPLEMENTATIONS = YES;
				CLANG_WARN_DIRECT_OBJC_ISA_USAGE = YES_ERROR;
				CLANG_WARN_DOCUMENTATION_COMMENTS = YES;
				CLANG_WARN_EMPTY_BODY = YES;
				CLANG_WARN_ENUM_CONVERSION = YES;
				CLANG_WARN_INFINITE_RECURSION = YES;
				CLANG_WARN_INT_CONVERSION = YES;
				CLANG_WARN_NON_LITERAL_NULL_CONVERSION = YES;
				CLANG_WARN_OBJC_IMPLICIT_RETAIN_SELF = YES;
				CLANG_WARN_OBJC_LITERAL_CONVERSION = YES;
				CLANG_WARN_OBJC_ROOT_CLASS = YES_ERROR;
				CLANG_WARN_QUOTED_INCLUDE_IN_FRAMEWORK_HEADER = YES;
				CLANG_WARN_RANGE_LOOP_ANALYSIS = YES;
				CLANG_WARN_STRICT_PROTOTYPES = YES;
				CLANG_WARN_SUSPICIOUS_MOVE = YES;
				CLANG_WARN_UNGUARDED_AVAILABILITY = YES_AGGRESSIVE;
				CLANG_WARN_UNREACHABLE_CODE = YES;
				CLANG_WARN__DUPLICATE_METHOD_MATCH = YES;
				COPY_PHASE_STRIP = NO;
				DEBUG_INFORMATION_FORMAT = "dwarf-with-dsym";
				ENABLE_NS_ASSERTIONS = NO;
				ENABLE_STRICT_OBJC_MSGSEND = YES;
				ENABLE_USER_SCRIPT_SANDBOXING = YES;
				GCC_C_LANGUAGE_STANDARD = gnu17;
				GCC_NO_COMMON_BLOCKS = YES;
				GCC_WARN_64_TO_32_BIT_CONVERSION = YES;
				GCC_WARN_ABOUT_RETURN_TYPE = YES_ERROR;
				GCC_WARN_UNDECLARED_SELECTOR = YES;
				GCC_WARN_UNINITIALIZED_AUTOS = YES_AGGRESSIVE;
				GCC_WARN_UNUSED_FUNCTION = YES;
				GCC_WARN_UNUSED_VARIABLE = YES;
				IPHONEOS_DEPLOYMENT_TARGET = 17.2;
				LOCALIZATION_PREFERS_STRING_CATALOGS = YES;
				MTL_ENABLE_DEBUG_INFO = NO;
				MTL_FAST_MATH = YES;
				SDKROOT = iphoneos;
				SWIFT_COMPILATION_MODE = wholemodule;
				VALIDATE_PRODUCT = YES;
			};
			name = Release;
		};
		7D8511CB2C32E6C900B5A3A0 /* Debug */ = {
			isa = XCBuildConfiguration;
			buildSettings = {
				ASSETCATALOG_COMPILER_APPICON_NAME = AppIcon;
				ASSETCATALOG_COMPILER_GLOBAL_ACCENT_COLOR_NAME = AccentColor;
				CODE_SIGN_STYLE = Automatic;
				CURRENT_PROJECT_VERSION = 1;
				DEVELOPMENT_ASSET_PATHS = "\"AnimeCharacter/Preview Content\"";
				DEVELOPMENT_TEAM = 4L6U4CV9PQ;
				ENABLE_PREVIEWS = YES;
				GENERATE_INFOPLIST_FILE = YES;
				INFOPLIST_KEY_UIApplicationSceneManifest_Generation = YES;
				INFOPLIST_KEY_UIApplicationSupportsIndirectInputEvents = YES;
				INFOPLIST_KEY_UILaunchScreen_Generation = YES;
				INFOPLIST_KEY_UISupportedInterfaceOrientations_iPad = "UIInterfaceOrientationPortrait UIInterfaceOrientationPortraitUpsideDown UIInterfaceOrientationLandscapeLeft UIInterfaceOrientationLandscapeRight";
				INFOPLIST_KEY_UISupportedInterfaceOrientations_iPhone = "UIInterfaceOrientationPortrait UIInterfaceOrientationLandscapeLeft UIInterfaceOrientationLandscapeRight";
				LD_RUNPATH_SEARCH_PATHS = (
					"$(inherited)",
					"@executable_path/Frameworks",
				);
				MARKETING_VERSION = 1.0;
				PRODUCT_BUNDLE_IDENTIFIER = aswanth.app.AnimeCharacter;
				PRODUCT_NAME = "$(TARGET_NAME)";
				SWIFT_EMIT_LOC_STRINGS = YES;
				SWIFT_VERSION = 5.0;
				TARGETED_DEVICE_FAMILY = "1,2";
			};
			name = Debug;
		};
		7D8511CC2C32E6C900B5A3A0 /* Release */ = {
			isa = XCBuildConfiguration;
			buildSettings = {
				ASSETCATALOG_COMPILER_APPICON_NAME = AppIcon;
				ASSETCATALOG_COMPILER_GLOBAL_ACCENT_COLOR_NAME = AccentColor;
				CODE_SIGN_STYLE = Automatic;
				CURRENT_PROJECT_VERSION = 1;
				DEVELOPMENT_ASSET_PATHS = "\"AnimeCharacter/Preview Content\"";
				DEVELOPMENT_TEAM = 4L6U4CV9PQ;
				ENABLE_PREVIEWS = YES;
				GENERATE_INFOPLIST_FILE = YES;
				INFOPLIST_KEY_UIApplicationSceneManifest_Generation = YES;
				INFOPLIST_KEY_UIApplicationSupportsIndirectInputEvents = YES;
				INFOPLIST_KEY_UILaunchScreen_Generation = YES;
				INFOPLIST_KEY_UISupportedInterfaceOrientations_iPad = "UIInterfaceOrientationPortrait UIInterfaceOrientationPortraitUpsideDown UIInterfaceOrientationLandscapeLeft UIInterfaceOrientationLandscapeRight";
				INFOPLIST_KEY_UISupportedInterfaceOrientations_iPhone = "UIInterfaceOrientationPortrait UIInterfaceOrientationLandscapeLeft UIInterfaceOrientationLandscapeRight";
				LD_RUNPATH_SEARCH_PATHS = (
					"$(inherited)",
					"@executable_path/Frameworks",
				);
				MARKETING_VERSION = 1.0;
				PRODUCT_BUNDLE_IDENTIFIER = aswanth.app.AnimeCharacter;
				PRODUCT_NAME = "$(TARGET_NAME)";
				SWIFT_EMIT_LOC_STRINGS = YES;
				SWIFT_VERSION = 5.0;
				TARGETED_DEVICE_FAMILY = "1,2";
			};
			name = Release;
		};
/* End XCBuildConfiguration section */

/* Begin XCConfigurationList section */
		7D8511B72C32E6C700B5A3A0 /* Build configuration list for PBXProject "AnimeCharacter" */ = {
			isa = XCConfigurationList;
			buildConfigurations = (
				7D8511C82C32E6C900B5A3A0 /* Debug */,
				7D8511C92C32E6C900B5A3A0 /* Release */,
			);
			defaultConfigurationIsVisible = 0;
			defaultConfigurationName = Release;
		};
		7D8511CA2C32E6C900B5A3A0 /* Build configuration list for PBXNativeTarget "AnimeCharacter" */ = {
			isa = XCConfigurationList;
			buildConfigurations = (
				7D8511CB2C32E6C900B5A3A0 /* Debug */,
				7D8511CC2C32E6C900B5A3A0 /* Release */,
			);
			defaultConfigurationIsVisible = 0;
			defaultConfigurationName = Release;
		};
/* End XCConfigurationList section */

/* Begin XCRemoteSwiftPackageReference section */
		7D8511D22C32E96800B5A3A0 /* XCRemoteSwiftPackageReference "Alamofire" */ = {
			isa = XCRemoteSwiftPackageReference;
			repositoryURL = "https://github.com/Alamofire/Alamofire.git";
			requirement = {
				kind = upToNextMajorVersion;
				minimumVersion = 5.9.1;
			};
		};
		7D8511DE2C32F32700B5A3A0 /* XCRemoteSwiftPackageReference "SDWebImageSwiftUI" */ = {
			isa = XCRemoteSwiftPackageReference;
			repositoryURL = "https://github.com/SDWebImage/SDWebImageSwiftUI";
			requirement = {
				kind = upToNextMajorVersion;
				minimumVersion = 3.1.1;
			};
		};
/* End XCRemoteSwiftPackageReference section */

/* Begin XCSwiftPackageProductDependency section */
		7D8511D32C32E96800B5A3A0 /* Alamofire */ = {
			isa = XCSwiftPackageProductDependency;
			package = 7D8511D22C32E96800B5A3A0 /* XCRemoteSwiftPackageReference "Alamofire" */;
			productName = Alamofire;
		};
		7D8511D52C32E96800B5A3A0 /* AlamofireDynamic */ = {
			isa = XCSwiftPackageProductDependency;
			package = 7D8511D22C32E96800B5A3A0 /* XCRemoteSwiftPackageReference "Alamofire" */;
			productName = AlamofireDynamic;
		};
		7D8511DF2C32F32700B5A3A0 /* SDWebImageSwiftUI */ = {
			isa = XCSwiftPackageProductDependency;
			package = 7D8511DE2C32F32700B5A3A0 /* XCRemoteSwiftPackageReference "SDWebImageSwiftUI" */;
			productName = SDWebImageSwiftUI;
		};
/* End XCSwiftPackageProductDependency section */
	};
	rootObject = 7D8511B42C32E6C700B5A3A0 /* Project object */;
}
